
Microsoft Visual Studio Solution File, Format Version 12.00
# Visual Studio 2012
Project("{CC5FD16D-436D-48AD-A40C-5A424C6E3E79}") = "SampleWorkerRoles", "SampleWorkerRoles\SampleWorkerRoles.ccproj", "{C4A4FF59-6B2A-4E03-AA1E-25107E73F2D0}"
EndProject
Project("{FAE04EC0-301F-11D3-BF4B-00C04F79EFBC}") = "WaitHandleWorker", "WorkerRole1\WaitHandleWorker.csproj", "{73E38956-6793-4E44-B056-498240C06280}"
EndProject
Global
	GlobalSection(SolutionConfigurationPlatforms) = preSolution
		Debug|Any CPU = Debug|Any CPU
		Release|Any CPU = Release|Any CPU
	EndGlobalSection
	GlobalSection(ProjectConfigurationPlatforms) = postSolution
		{C4A4FF59-6B2A-4E03-AA1E-25107E73F2D0}.Debug|Any CPU.ActiveCfg = Debug|Any CPU
		{C4A4FF59-6B2A-4E03-AA1E-25107E73F2D0}.Debug|Any CPU.Build.0 = Debug|Any CPU
		{C4A4FF59-6B2A-4E03-AA1E-25107E73F2D0}.Release|Any CPU.ActiveCfg = Release|Any CPU
		{C4A4FF59-6B2A-4E03-AA1E-25107E73F2D0}.Release|Any CPU.Build.0 = Release|Any CPU
		{73E38956-6793-4E44-B056-498240C06280}.Debug|Any CPU.ActiveCfg = Debug|Any CPU
		{73E38956-6793-4E44-B056-498240C06280}.Debug|Any CPU.Build.0 = Debug|Any CPU
		{73E38956-6793-4E44-B056-498240C06280}.Release|Any CPU.ActiveCfg = Release|Any CPU
		{73E38956-6793-4E44-B056-498240C06280}.Release|Any CPU.Build.0 = Release|Any CPU
	EndGlobalSection
	GlobalSection(SolutionProperties) = preSolution
		HideSolutionNode = FALSE
	EndGlobalSection
EndGlobal
